golang.design/x/mainthread v0.2.1 h1:IUGVW1acDfKoQtFeeS/RD/YYiKK8jxwkJXIQuKuL+ig=
golang.design/x/mainthread v0.2.1/go.mod h1:vYX7cF2b3pTJMGM/hc13NmN6kblKnf4/IyvHeu259L0=
golang.org/x/sys v0.0.0-20201022201747-fb209a7c41cd/go.mod h1:h1NjWce9XRLGQEsW7wpKNCjG9DtNlClVuFLEZdDNbEs=
golang.org/x/sys v0.0.0-20210122093101-04d7465088b8 h1:de2yTH1xuxjmGB7i6Z5o2z3RCHVa0XlpSZzjd8Fe6bE=
golang.org/x/sys v0.0.0-20210122093101-04d7465088b8/go.mod h1:h1NjWce9XRLGQEsW7wpKNCjG9DtNlClVuFLEZdDNbEs=
